
Microsoft Visual Studio Solution File, Format Version 12.00
# Visual Studio Version 17
VisualStudioVersion = 17.8.34330.188
MinimumVisualStudioVersion = 10.0.40219.1
Project("{9A19103F-16F7-4668-BE54-9A1E7A4F7556}") = "Photino.Blazor.CustomWindow", "Photino.Blazor.CustomWindow\Photino.Blazor.CustomWindow.csproj", "{1776DB9B-59FB-42C5-B155-814C1E75C1F1}"
EndProject
Project("{9A19103F-16F7-4668-BE54-9A1E7A4F7556}") = "Photino.Blazor.CustomWindow.Sample", "Photino.Blazor.CustomWindow.Sample\Photino.Blazor.CustomWindow.Sample.csproj", "{18751E12-5F60-406B-9F2A-C3FD6FC84E23}"
EndProject
Global
	GlobalSection(SolutionConfigurationPlatforms) = preSolution
		Debug|Any CPU = Debug|Any CPU
		Release|Any CPU = Release|Any CPU
	EndGlobalSection
	GlobalSection(ProjectConfigurationPlatforms) = postSolution
		{1776DB9B-59FB-42C5-B155-814C1E75C1F1}.Debug|Any CPU.ActiveCfg = Debug|Any CPU
		{1776DB9B-59FB-42C5-B155-814C1E75C1F1}.Debug|Any CPU.Build.0 = Debug|Any CPU
		{1776DB9B-59FB-42C5-B155-814C1E75C1F1}.Release|Any CPU.ActiveCfg = Release|Any CPU
		{1776DB9B-59FB-42C5-B155-814C1E75C1F1}.Release|Any CPU.Build.0 = Release|Any CPU
		{18751E12-5F60-406B-9F2A-C3FD6FC84E23}.Debug|Any CPU.ActiveCfg = Debug|Any CPU
		{18751E12-5F60-406B-9F2A-C3FD6FC84E23}.Debug|Any CPU.Build.0 = Debug|Any CPU
		{18751E12-5F60-406B-9F2A-C3FD6FC84E23}.Release|Any CPU.ActiveCfg = Release|Any CPU
		{18751E12-5F60-406B-9F2A-C3FD6FC84E23}.Release|Any CPU.Build.0 = Release|Any CPU
	EndGlobalSection
	GlobalSection(SolutionProperties) = preSolution
		HideSolutionNode = FALSE
	EndGlobalSection
	GlobalSection(ExtensibilityGlobals) = postSolution
		SolutionGuid = {8875E145-A438-4562-95FE-BCA392CD0B69}
	EndGlobalSection
EndGlobal
